// !$*UTF8*$!
{
	archiveVersion = 1;
	classes = {
	};
	objectVersion = 54;
	objects = {

/* Begin PBXBuildFile section */
		230A60BC0D388C269F6D24A8 /* AppProvider.swift in Sources */ = {isa = PBXBuildFile; fileRef = 15B07641901597D44345103A /* AppProvider.swift */; };
		2A47E81E759FA0A1E321BE2D /* Assets.swift in Sources */ = {isa = PBXBuildFile; fileRef = 31C2BFC9E59893EF58E0616A /* Assets.swift */; };
		31F2621099272E3B28385FEF /* RoutePage.swift in Sources */ = {isa = PBXBuildFile; fileRef = 923DE8ADF50F0D75B496283B /* RoutePage.swift */; };
		4A62BDCC34AE68C9630E0FD3 /* HomePageView.swift in Sources */ = {isa = PBXBuildFile; fileRef = B1604844DAA47CBB031651A7 /* HomePageView.swift */; };
		5B7B3C102360B7471219BABD /* DebugProvider.swift in Sources */ = {isa = PBXBuildFile; fileRef = 1C49559A017365DF5E49E415 /* DebugProvider.swift */; };
		6717117B2431D5D0AD8C6E99 /* RouteProvider.swift in Sources */ = {isa = PBXBuildFile; fileRef = F8A66D29F46B28DB0CD1A2E9 /* RouteProvider.swift */; };
		6D564E70DA3C4231E690CBDE /* RootView.swift in Sources */ = {isa = PBXBuildFile; fileRef = B52F13ABDDE4514EBC2FF740 /* RootView.swift */; };
		7E2E0DD5DA06C3F7DA6353E5 /* Pods_Example.framework in Frameworks */ = {isa = PBXBuildFile; fileRef = C1B8ACD57A034392249760CB /* Pods_Example.framework */; };
		8F512E1E11109BBA9D8F6EE2 /* SceneDelegateAdaptor.swift in Sources */ = {isa = PBXBuildFile; fileRef = B397410046778362E109CF58 /* SceneDelegateAdaptor.swift */; };
		97FDA2942A8F555300E9D6D4 /* LoggerProvider.swift in Sources */ = {isa = PBXBuildFile; fileRef = 97FDA2932A8F555300E9D6D4 /* LoggerProvider.swift */; };
		9DC352EA0D1547499C733816 /* AppAdaptor.swift in Sources */ = {isa = PBXBuildFile; fileRef = 019D4ACB69D460E9A4E9C4C8 /* AppAdaptor.swift */; };
		9E39CF0DA0BD661890ACED3F /* SettingPageView.swift in Sources */ = {isa = PBXBuildFile; fileRef = EA73312307579DE883D249C1 /* SettingPageView.swift */; };
		AF2EF944C8FF9574952FE4E5 /* BaseViewController.swift in Sources */ = {isa = PBXBuildFile; fileRef = 59B57CD4E6F6618D89DF3B1A /* BaseViewController.swift */; };
		D577E4C834150152B508EE80 /* import.swift in Sources */ = {isa = PBXBuildFile; fileRef = 8C54D7279B8190074863899E /* import.swift */; };
		E2ED66A9430FED44A7CB5F65 /* MenuView.swift in Sources */ = {isa = PBXBuildFile; fileRef = 7E289535EE2499F7427853B1 /* MenuView.swift */; };
		EDB656FD418B18DDECDEA5F0 /* SceneView.swift in Sources */ = {isa = PBXBuildFile; fileRef = D18F3F6F3FBDDA2673777082 /* SceneView.swift */; };
		F82B33E97AF11C2D5D9A659A /* Assets.xcassets in Resources */ = {isa = PBXBuildFile; fileRef = 5C9BA92B4C370D66B9AB0595 /* Assets.xcassets */; };
		F92A8B2EED8FE34B0899C45C /* AppDelegateAdaptor.swift in Sources */ = {isa = PBXBuildFile; fileRef = 6969527027C9D01B6CF38BD0 /* AppDelegateAdaptor.swift */; };
/* End PBXBuildFile section */

/* Begin PBXFileReference section */
		019D4ACB69D460E9A4E9C4C8 /* AppAdaptor.swift */ = {isa = PBXFileReference; lastKnownFileType = sourcecode.swift; path = AppAdaptor.swift; sourceTree = "<group>"; };
		0E4E50872E45B6FAD050CA23 /* Info.plist */ = {isa = PBXFileReference; lastKnownFileType = text.plist; path = Info.plist; sourceTree = "<group>"; };
		15B07641901597D44345103A /* AppProvider.swift */ = {isa = PBXFileReference; lastKnownFileType = sourcecode.swift; path = AppProvider.swift; sourceTree = "<group>"; };
		1C49559A017365DF5E49E415 /* DebugProvider.swift */ = {isa = PBXFileReference; lastKnownFileType = sourcecode.swift; path = DebugProvider.swift; sourceTree = "<group>"; };
		31C2BFC9E59893EF58E0616A /* Assets.swift */ = {isa = PBXFileReference; lastKnownFileType = sourcecode.swift; path = Assets.swift; sourceTree = "<group>"; };
		59B57CD4E6F6618D89DF3B1A /* BaseViewController.swift */ = {isa = PBXFileReference; lastKnownFileType = sourcecode.swift; path = BaseViewController.swift; sourceTree = "<group>"; };
		5C9BA92B4C370D66B9AB0595 /* Assets.xcassets */ = {isa = PBXFileReference; lastKnownFileType = folder.assetcatalog; path = Assets.xcassets; sourceTree = "<group>"; };
		6969527027C9D01B6CF38BD0 /* AppDelegateAdaptor.swift */ = {isa = PBXFileReference; lastKnownFileType = sourcecode.swift; path = AppDelegateAdaptor.swift; sourceTree = "<group>"; };
		7E289535EE2499F7427853B1 /* MenuView.swift */ = {isa = PBXFileReference; lastKnownFileType = sourcecode.swift; path = MenuView.swift; sourceTree = "<group>"; };
		8C54D7279B8190074863899E /* import.swift */ = {isa = PBXFileReference; lastKnownFileType = sourcecode.swift; path = import.swift; sourceTree = "<group>"; };
		923DE8ADF50F0D75B496283B /* RoutePage.swift */ = {isa = PBXFileReference; lastKnownFileType = sourcecode.swift; path = RoutePage.swift; sourceTree = "<group>"; };
		97FDA2932A8F555300E9D6D4 /* LoggerProvider.swift */ = {isa = PBXFileReference; lastKnownFileType = sourcecode.swift; path = LoggerProvider.swift; sourceTree = "<group>"; };
		B1604844DAA47CBB031651A7 /* HomePageView.swift */ = {isa = PBXFileReference; lastKnownFileType = sourcecode.swift; path = HomePageView.swift; sourceTree = "<group>"; };
		B397410046778362E109CF58 /* SceneDelegateAdaptor.swift */ = {isa = PBXFileReference; lastKnownFileType = sourcecode.swift; path = SceneDelegateAdaptor.swift; sourceTree = "<group>"; };
		B52F13ABDDE4514EBC2FF740 /* RootView.swift */ = {isa = PBXFileReference; lastKnownFileType = sourcecode.swift; path = RootView.swift; sourceTree = "<group>"; };
		C1B8ACD57A034392249760CB /* Pods_Example.framework */ = {isa = PBXFileReference; explicitFileType = wrapper.framework; includeInIndex = 0; path = Pods_Example.framework; sourceTree = BUILT_PRODUCTS_DIR; };
		D18F3F6F3FBDDA2673777082 /* SceneView.swift */ = {isa = PBXFileReference; lastKnownFileType = sourcecode.swift; path = SceneView.swift; sourceTree = "<group>"; };
		EA73312307579DE883D249C1 /* SettingPageView.swift */ = {isa = PBXFileReference; lastKnownFileType = sourcecode.swift; path = SettingPageView.swift; sourceTree = "<group>"; };
		F6FE7BF0248FC2FF22A10D63 /* Example.app */ = {isa = PBXFileReference; includeInIndex = 0; lastKnownFileType = wrapper.application; path = Example.app; sourceTree = BUILT_PRODUCTS_DIR; };
		F8A66D29F46B28DB0CD1A2E9 /* RouteProvider.swift */ = {isa = PBXFileReference; lastKnownFileType = sourcecode.swift; path = RouteProvider.swift; sourceTree = "<group>"; };
		F9C2219D00FE9D3164887085 /* Pods-Example.debug.xcconfig */ = {isa = PBXFileReference; includeInIndex = 1; lastKnownFileType = text.xcconfig; name = "Pods-Example.debug.xcconfig"; path = "Target Support Files/Pods-Example/Pods-Example.debug.xcconfig"; sourceTree = "<group>"; };
		FF1E3A02307E7767B6A6FB6F /* Pods-Example.release.xcconfig */ = {isa = PBXFileReference; includeInIndex = 1; lastKnownFileType = text.xcconfig; name = "Pods-Example.release.xcconfig"; path = "Target Support Files/Pods-Example/Pods-Example.release.xcconfig"; sourceTree = "<group>"; };
/* End PBXFileReference section */

/* Begin PBXFrameworksBuildPhase section */
		7AD889AFEE3FBDCEED3DD82C /* Frameworks */ = {
			isa = PBXFrameworksBuildPhase;
			buildActionMask = 2147483647;
			files = (
				7E2E0DD5DA06C3F7DA6353E5 /* Pods_Example.framework in Frameworks */,
			);
			runOnlyForDeploymentPostprocessing = 0;
		};
/* End PBXFrameworksBuildPhase section */

/* Begin PBXGroup section */
		2B599408656706CFB26C8414 /* Settings */ = {
			isa = PBXGroup;
			children = (
				EA73312307579DE883D249C1 /* SettingPageView.swift */,
			);
			path = Settings;
			sourceTree = "<group>";
		};
		3031F8ABC084F8D43CC56342 /* Products */ = {
			isa = PBXGroup;
			children = (
				F6FE7BF0248FC2FF22A10D63 /* Example.app */,
			);
			name = Products;
			sourceTree = "<group>";
		};
		3052E276A6CF591415A3AD70 /* Views */ = {
			isa = PBXGroup;
			children = (
				7E289535EE2499F7427853B1 /* MenuView.swift */,
				B52F13ABDDE4514EBC2FF740 /* RootView.swift */,
				D18F3F6F3FBDDA2673777082 /* SceneView.swift */,
			);
			path = Views;
			sourceTree = "<group>";
		};
		3F98940B110DDA63E01A82B5 /* Frameworks */ = {
			isa = PBXGroup;
			children = (
				C1B8ACD57A034392249760CB /* Pods_Example.framework */,
			);
			name = Frameworks;
			sourceTree = "<group>";
		};
		4CDAD0300E43B3A6A9E848A7 /* Pods */ = {
			isa = PBXGroup;
			children = (
				F9C2219D00FE9D3164887085 /* Pods-Example.debug.xcconfig */,
				FF1E3A02307E7767B6A6FB6F /* Pods-Example.release.xcconfig */,
			);
			path = Pods;
			sourceTree = "<group>";
		};
		4E423204FBB19D0572DEF8E9 /* Generated */ = {
			isa = PBXGroup;
			children = (
				31C2BFC9E59893EF58E0616A /* Assets.swift */,
			);
			path = Generated;
			sourceTree = "<group>";
		};
		4F160DA0426D18FD4DFD3610 /* Example */ = {
			isa = PBXGroup;
			children = (
				EB418B954CE6DA48A925ED64 /* Business */,
				5864B01FD5FB35CB51A77583 /* Common */,
				F312E3D139A512DA7D1ECE0B /* Resources */,
			);
			name = Example;
			path = Sources/Example;
			sourceTree = "<group>";
		};
		54E0667A38E60354DB90F776 = {
			isa = PBXGroup;
			children = (
				4F160DA0426D18FD4DFD3610 /* Example */,
				3031F8ABC084F8D43CC56342 /* Products */,
				4CDAD0300E43B3A6A9E848A7 /* Pods */,
				3F98940B110DDA63E01A82B5 /* Frameworks */,
			);
			sourceTree = "<group>";
		};
		56964BB6CBAEB6F3A9CA409A /* Controller */ = {
			isa = PBXGroup;
			children = (
				59B57CD4E6F6618D89DF3B1A /* BaseViewController.swift */,
			);
			path = Controller;
			sourceTree = "<group>";
		};
		5864B01FD5FB35CB51A77583 /* Common */ = {
			isa = PBXGroup;
			children = (
				8C54D7279B8190074863899E /* import.swift */,
				7E742407C086B0C7D92C75B5 /* Adaptor */,
				56964BB6CBAEB6F3A9CA409A /* Controller */,
				E8F2506729332AA1DCF8B408 /* Provider */,
				3052E276A6CF591415A3AD70 /* Views */,
			);
			path = Common;
			sourceTree = "<group>";
		};
		7E742407C086B0C7D92C75B5 /* Adaptor */ = {
			isa = PBXGroup;
			children = (
				019D4ACB69D460E9A4E9C4C8 /* AppAdaptor.swift */,
				6969527027C9D01B6CF38BD0 /* AppDelegateAdaptor.swift */,
				B397410046778362E109CF58 /* SceneDelegateAdaptor.swift */,
			);
			path = Adaptor;
			sourceTree = "<group>";
		};
		9EDD98D7669C3B885A5FE51B /* Home */ = {
			isa = PBXGroup;
			children = (
				B1604844DAA47CBB031651A7 /* HomePageView.swift */,
			);
			path = Home;
			sourceTree = "<group>";
		};
		E8F2506729332AA1DCF8B408 /* Provider */ = {
			isa = PBXGroup;
			children = (
				15B07641901597D44345103A /* AppProvider.swift */,
				1C49559A017365DF5E49E415 /* DebugProvider.swift */,
				F8A66D29F46B28DB0CD1A2E9 /* RouteProvider.swift */,
				97FDA2932A8F555300E9D6D4 /* LoggerProvider.swift */,
			);
			path = Provider;
			sourceTree = "<group>";
		};
		EB418B954CE6DA48A925ED64 /* Business */ = {
			isa = PBXGroup;
			children = (
				923DE8ADF50F0D75B496283B /* RoutePage.swift */,
				9EDD98D7669C3B885A5FE51B /* Home */,
				2B599408656706CFB26C8414 /* Settings */,
			);
			path = Business;
			sourceTree = "<group>";
		};
		F312E3D139A512DA7D1ECE0B /* Resources */ = {
			isa = PBXGroup;
			children = (
				5C9BA92B4C370D66B9AB0595 /* Assets.xcassets */,
				0E4E50872E45B6FAD050CA23 /* Info.plist */,
				4E423204FBB19D0572DEF8E9 /* Generated */,
			);
			path = Resources;
			sourceTree = "<group>";
		};
/* End PBXGroup section */

/* Begin PBXNativeTarget section */
		9878B5EABC7D83477291BAFC /* Example */ = {
			isa = PBXNativeTarget;
			buildConfigurationList = 2557384DB91FFBC8B78A3DC4 /* Build configuration list for PBXNativeTarget "Example" */;
			buildPhases = (
				7E6E34E9D319769EEAF37D75 /* [CP] Check Pods Manifest.lock */,
				319F234079598742E7CCABCC /* lintAndGen */,
				111FF52307B445A964A77FE3 /* Sources */,
				F6D7A45039F9699F86B7F544 /* Resources */,
				7AD889AFEE3FBDCEED3DD82C /* Frameworks */,
				3D6F0B3FF0B98F66ECCC850E /* [CP] Embed Pods Frameworks */,
				6C79DE7CA3F1EB36D0F88F90 /* [CP] Copy Pods Resources */,
			);
			buildRules = (
			);
			dependencies = (
			);
			name = Example;
			productName = Example;
			productReference = F6FE7BF0248FC2FF22A10D63 /* Example.app */;
			productType = "com.apple.product-type.application";
		};
/* End PBXNativeTarget section */

/* Begin PBXProject section */
		CA8E1E974698BC95958F017F /* Project object */ = {
			isa = PBXProject;
			attributes = {
				LastUpgradeCheck = 1200;
			};
			buildConfigurationList = 36FC72E69D906F48675C62BF /* Build configuration list for PBXProject "Example" */;
			compatibilityVersion = "Xcode 10.0";
			developmentRegion = en;
			hasScannedForEncodings = 0;
			knownRegions = (
				Base,
				en,
			);
			mainGroup = 54E0667A38E60354DB90F776;
			productRefGroup = 3031F8ABC084F8D43CC56342 /* Products */;
			projectDirPath = "";
			projectRoot = "";
			targets = (
				9878B5EABC7D83477291BAFC /* Example */,
			);
		};
/* End PBXProject section */

/* Begin PBXResourcesBuildPhase section */
		F6D7A45039F9699F86B7F544 /* Resources */ = {
			isa = PBXResourcesBuildPhase;
			buildActionMask = 2147483647;
			files = (
				F82B33E97AF11C2D5D9A659A /* Assets.xcassets in Resources */,
			);
			runOnlyForDeploymentPostprocessing = 0;
		};
/* End PBXResourcesBuildPhase section */

/* Begin PBXShellScriptBuildPhase section */
		319F234079598742E7CCABCC /* lintAndGen */ = {
			isa = PBXShellScriptBuildPhase;
			alwaysOutOfDate = 1;
			buildActionMask = 2147483647;
			files = (
			);
			inputFileListPaths = (
			);
			inputPaths = (
			);
			name = lintAndGen;
			outputFileListPaths = (
			);
			outputPaths = (
			);
			runOnlyForDeploymentPostprocessing = 0;
			shellPath = /bin/sh;
			shellScript = "${PODS_ROOT}/SwiftGen/bin/swiftgen && ${PODS_ROOT}/SwiftLint/swiftlint";
		};
		3D6F0B3FF0B98F66ECCC850E /* [CP] Embed Pods Frameworks */ = {
			isa = PBXShellScriptBuildPhase;
			buildActionMask = 2147483647;
			files = (
			);
			inputFileListPaths = (
				"${PODS_ROOT}/Target Support Files/Pods-Example/Pods-Example-frameworks-${CONFIGURATION}-input-files.xcfilelist",
			);
			name = "[CP] Embed Pods Frameworks";
			outputFileListPaths = (
				"${PODS_ROOT}/Target Support Files/Pods-Example/Pods-Example-frameworks-${CONFIGURATION}-output-files.xcfilelist",
			);
			runOnlyForDeploymentPostprocessing = 0;
			shellPath = /bin/sh;
			shellScript = "\"${PODS_ROOT}/Target Support Files/Pods-Example/Pods-Example-frameworks.sh\"\n";
			showEnvVarsInLog = 0;
		};
		6C79DE7CA3F1EB36D0F88F90 /* [CP] Copy Pods Resources */ = {
			isa = PBXShellScriptBuildPhase;
			buildActionMask = 2147483647;
			files = (
			);
			inputFileListPaths = (
				"${PODS_ROOT}/Target Support Files/Pods-Example/Pods-Example-resources-${CONFIGURATION}-input-files.xcfilelist",
			);
			name = "[CP] Copy Pods Resources";
			outputFileListPaths = (
				"${PODS_ROOT}/Target Support Files/Pods-Example/Pods-Example-resources-${CONFIGURATION}-output-files.xcfilelist",
			);
			runOnlyForDeploymentPostprocessing = 0;
			shellPath = /bin/sh;
			shellScript = "\"${PODS_ROOT}/Target Support Files/Pods-Example/Pods-Example-resources.sh\"\n";
			showEnvVarsInLog = 0;
		};
		7E6E34E9D319769EEAF37D75 /* [CP] Check Pods Manifest.lock */ = {
			isa = PBXShellScriptBuildPhase;
			buildActionMask = 2147483647;
			files = (
			);
			inputFileListPaths = (
			);
			inputPaths = (
				"${PODS_PODFILE_DIR_PATH}/Podfile.lock",
				"${PODS_ROOT}/Manifest.lock",
			);
			name = "[CP] Check Pods Manifest.lock";
			outputFileListPaths = (
			);
			outputPaths = (
				"$(DERIVED_FILE_DIR)/Pods-Example-checkManifestLockResult.txt",
			);
			runOnlyForDeploymentPostprocessing = 0;
			shellPath = /bin/sh;
			shellScript = "diff \"${PODS_PODFILE_DIR_PATH}/Podfile.lock\" \"${PODS_ROOT}/Manifest.lock\" > /dev/null\nif [ $? != 0 ] ; then\n    # print error to STDERR\n    echo \"error: The sandbox is not in sync with the Podfile.lock. Run 'pod install' or update your CocoaPods installation.\" >&2\n    exit 1\nfi\n# This output is used by Xcode 'outputs' to avoid re-running this script phase.\necho \"SUCCESS\" > \"${SCRIPT_OUTPUT_FILE_0}\"\n";
			showEnvVarsInLog = 0;
		};
/* End PBXShellScriptBuildPhase section */

/* Begin PBXSourcesBuildPhase section */
		111FF52307B445A964A77FE3 /* Sources */ = {
			isa = PBXSourcesBuildPhase;
			buildActionMask = 2147483647;
			files = (
				9DC352EA0D1547499C733816 /* AppAdaptor.swift in Sources */,
				F92A8B2EED8FE34B0899C45C /* AppDelegateAdaptor.swift in Sources */,
				230A60BC0D388C269F6D24A8 /* AppProvider.swift in Sources */,
				2A47E81E759FA0A1E321BE2D /* Assets.swift in Sources */,
				AF2EF944C8FF9574952FE4E5 /* BaseViewController.swift in Sources */,
				5B7B3C102360B7471219BABD /* DebugProvider.swift in Sources */,
				4A62BDCC34AE68C9630E0FD3 /* HomePageView.swift in Sources */,
				E2ED66A9430FED44A7CB5F65 /* MenuView.swift in Sources */,
				6D564E70DA3C4231E690CBDE /* RootView.swift in Sources */,
				97FDA2942A8F555300E9D6D4 /* LoggerProvider.swift in Sources */,
				31F2621099272E3B28385FEF /* RoutePage.swift in Sources */,
				6717117B2431D5D0AD8C6E99 /* RouteProvider.swift in Sources */,
				8F512E1E11109BBA9D8F6EE2 /* SceneDelegateAdaptor.swift in Sources */,
				EDB656FD418B18DDECDEA5F0 /* SceneView.swift in Sources */,
				9E39CF0DA0BD661890ACED3F /* SettingPageView.swift in Sources */,
				D577E4C834150152B508EE80 /* import.swift in Sources */,
			);
			runOnlyForDeploymentPostprocessing = 0;
		};
/* End PBXSourcesBuildPhase section */

/* Begin XCBuildConfiguration section */
		398A5AFCD69E760DF19875AD /* Release */ = {
			isa = XCBuildConfiguration;
			buildSettings = {
				ALWAYS_SEARCH_USER_PATHS = NO;
				CLANG_ANALYZER_NONNULL = YES;
				CLANG_ANALYZER_NUMBER_OBJECT_CONVERSION = YES_AGGRESSIVE;
				CLANG_CXX_LANGUAGE_STANDARD = "gnu++14";
				CLANG_CXX_LIBRARY = "libc++";
				CLANG_ENABLE_MODULES = YES;
				CLANG_ENABLE_OBJC_ARC = YES;
				CLANG_ENABLE_OBJC_WEAK = YES;
				CLANG_WARN_BLOCK_CAPTURE_AUTORELEASING = YES;
				CLANG_WARN_BOOL_CONVERSION = YES;
				CLANG_WARN_COMMA = YES;
				CLANG_WARN_CONSTANT_CONVERSION = YES;
				CLANG_WARN_DEPRECATED_OBJC_IMPLEMENTATIONS = YES;
				CLANG_WARN_DIRECT_OBJC_ISA_USAGE = YES_ERROR;
				CLANG_WARN_DOCUMENTATION_COMMENTS = YES;
				CLANG_WARN_EMPTY_BODY = YES;
				CLANG_WARN_ENUM_CONVERSION = YES;
				CLANG_WARN_INFINITE_RECURSION = YES;
				CLANG_WARN_INT_CONVERSION = YES;
				CLANG_WARN_NON_LITERAL_NULL_CONVERSION = YES;
				CLANG_WARN_OBJC_IMPLICIT_RETAIN_SELF = YES;
				CLANG_WARN_OBJC_LITERAL_CONVERSION = YES;
				CLANG_WARN_OBJC_ROOT_CLASS = YES_ERROR;
				CLANG_WARN_QUOTED_INCLUDE_IN_FRAMEWORK_HEADER = YES;
				CLANG_WARN_RANGE_LOOP_ANALYSIS = YES;
				CLANG_WARN_STRICT_PROTOTYPES = YES;
				CLANG_WARN_SUSPICIOUS_MOVE = YES;
				CLANG_WARN_UNGUARDED_AVAILABILITY = YES_AGGRESSIVE;
				CLANG_WARN_UNREACHABLE_CODE = YES;
				CLANG_WARN__DUPLICATE_METHOD_MATCH = YES;
				COPY_PHASE_STRIP = NO;
				CURRENT_PROJECT_VERSION = 1;
				DEBUG_INFORMATION_FORMAT = "dwarf-with-dsym";
				ENABLE_NS_ASSERTIONS = NO;
				ENABLE_STRICT_OBJC_MSGSEND = YES;
				GCC_C_LANGUAGE_STANDARD = gnu11;
				GCC_NO_COMMON_BLOCKS = YES;
				GCC_WARN_64_TO_32_BIT_CONVERSION = YES;
				GCC_WARN_ABOUT_RETURN_TYPE = YES_ERROR;
				GCC_WARN_UNDECLARED_SELECTOR = YES;
				GCC_WARN_UNINITIALIZED_AUTOS = YES_AGGRESSIVE;
				GCC_WARN_UNUSED_FUNCTION = YES;
				GCC_WARN_UNUSED_VARIABLE = YES;
				IPHONEOS_DEPLOYMENT_TARGET = 12.0;
				MARKETING_VERSION = 1.0.0;
				MTL_ENABLE_DEBUG_INFO = NO;
				MTL_FAST_MATH = YES;
				PRODUCT_NAME = "$(TARGET_NAME)";
				SDKROOT = iphoneos;
				SWIFT_COMPILATION_MODE = wholemodule;
				SWIFT_OPTIMIZATION_LEVEL = "-O";
				SWIFT_VERSION = 5.0;
			};
			name = Release;
		};
		6ABAA1DE6625CDA89D5F4C14 /* Release */ = {
			isa = XCBuildConfiguration;
			baseConfigurationReference = FF1E3A02307E7767B6A6FB6F /* Pods-Example.release.xcconfig */;
			buildSettings = {
				ASSETCATALOG_COMPILER_APPICON_NAME = AppIcon;
				CODE_SIGN_IDENTITY = "iPhone Developer";
				ENABLE_PREVIEWS = YES;
				GENERATE_INFOPLIST_FILE = YES;
				INFOPLIST_FILE = Sources/Example/Resources/Info.plist;
				INFOPLIST_KEY_UIApplicationSceneManifest_Generation = YES;
				INFOPLIST_KEY_UIApplicationSupportsIndirectInputEvents = YES;
				INFOPLIST_KEY_UILaunchScreen_Generation = YES;
				INFOPLIST_KEY_UILaunchStoryboardName = LaunchScreen;
				LD_RUNPATH_SEARCH_PATHS = (
					"$(inherited)",
					"@executable_path/Frameworks",
				);
				PRODUCT_BUNDLE_IDENTIFIER = com.github.yaochenfeng.Example;
				SDKROOT = iphoneos;
				TARGETED_DEVICE_FAMILY = "1,2";
			};
			name = Release;
		};
		6F2752D853BD4392F414E20B /* Debug */ = {
			isa = XCBuildConfiguration;
			baseConfigurationReference = F9C2219D00FE9D3164887085 /* Pods-Example.debug.xcconfig */;
			buildSettings = {
				ASSETCATALOG_COMPILER_APPICON_NAME = AppIcon;
				CODE_SIGN_IDENTITY = "iPhone Developer";
				ENABLE_PREVIEWS = YES;
				GENERATE_INFOPLIST_FILE = YES;
				INFOPLIST_FILE = Sources/Example/Resources/Info.plist;
				INFOPLIST_KEY_UIApplicationSceneManifest_Generation = YES;
				INFOPLIST_KEY_UIApplicationSupportsIndirectInputEvents = YES;
				INFOPLIST_KEY_UILaunchScreen_Generation = YES;
				INFOPLIST_KEY_UILaunchStoryboardName = LaunchScreen;
				LD_RUNPATH_SEARCH_PATHS = (
					"$(inherited)",
					"@executable_path/Frameworks",
				);
				PRODUCT_BUNDLE_IDENTIFIER = com.github.yaochenfeng.Example;
				SDKROOT = iphoneos;
				TARGETED_DEVICE_FAMILY = "1,2";
			};
			name = Debug;
		};
		F92DAFD0CD6CB829E820A349 /* Debug */ = {
			isa = XCBuildConfiguration;
			buildSettings = {
				ALWAYS_SEARCH_USER_PATHS = NO;
				CLANG_ANALYZER_NONNULL = YES;
				CLANG_ANALYZER_NUMBER_OBJECT_CONVERSION = YES_AGGRESSIVE;
				CLANG_CXX_LANGUAGE_STANDARD = "gnu++14";
				CLANG_CXX_LIBRARY = "libc++";
				CLANG_ENABLE_MODULES = YES;
				CLANG_ENABLE_OBJC_ARC = YES;
				CLANG_ENABLE_OBJC_WEAK = YES;
				CLANG_WARN_BLOCK_CAPTURE_AUTORELEASING = YES;
				CLANG_WARN_BOOL_CONVERSION = YES;
				CLANG_WARN_COMMA = YES;
				CLANG_WARN_CONSTANT_CONVERSION = YES;
				CLANG_WARN_DEPRECATED_OBJC_IMPLEMENTATIONS = YES;
				CLANG_WARN_DIRECT_OBJC_ISA_USAGE = YES_ERROR;
				CLANG_WARN_DOCUMENTATION_COMMENTS = YES;
				CLANG_WARN_EMPTY_BODY = YES;
				CLANG_WARN_ENUM_CONVERSION = YES;
				CLANG_WARN_INFINITE_RECURSION = YES;
				CLANG_WARN_INT_CONVERSION = YES;
				CLANG_WARN_NON_LITERAL_NULL_CONVERSION = YES;
				CLANG_WARN_OBJC_IMPLICIT_RETAIN_SELF = YES;
				CLANG_WARN_OBJC_LITERAL_CONVERSION = YES;
				CLANG_WARN_OBJC_ROOT_CLASS = YES_ERROR;
				CLANG_WARN_QUOTED_INCLUDE_IN_FRAMEWORK_HEADER = YES;
				CLANG_WARN_RANGE_LOOP_ANALYSIS = YES;
				CLANG_WARN_STRICT_PROTOTYPES = YES;
				CLANG_WARN_SUSPICIOUS_MOVE = YES;
				CLANG_WARN_UNGUARDED_AVAILABILITY = YES_AGGRESSIVE;
				CLANG_WARN_UNREACHABLE_CODE = YES;
				CLANG_WARN__DUPLICATE_METHOD_MATCH = YES;
				COPY_PHASE_STRIP = NO;
				CURRENT_PROJECT_VERSION = 1;
				DEBUG_INFORMATION_FORMAT = dwarf;
				ENABLE_STRICT_OBJC_MSGSEND = YES;
				ENABLE_TESTABILITY = YES;
				GCC_C_LANGUAGE_STANDARD = gnu11;
				GCC_DYNAMIC_NO_PIC = NO;
				GCC_NO_COMMON_BLOCKS = YES;
				GCC_OPTIMIZATION_LEVEL = 0;
				GCC_PREPROCESSOR_DEFINITIONS = (
					"$(inherited)",
					"DEBUG=1",
				);
				GCC_WARN_64_TO_32_BIT_CONVERSION = YES;
				GCC_WARN_ABOUT_RETURN_TYPE = YES_ERROR;
				GCC_WARN_UNDECLARED_SELECTOR = YES;
				GCC_WARN_UNINITIALIZED_AUTOS = YES_AGGRESSIVE;
				GCC_WARN_UNUSED_FUNCTION = YES;
				GCC_WARN_UNUSED_VARIABLE = YES;
				IPHONEOS_DEPLOYMENT_TARGET = 12.0;
				MARKETING_VERSION = 1.0.0;
				MTL_ENABLE_DEBUG_INFO = INCLUDE_SOURCE;
				MTL_FAST_MATH = YES;
				ONLY_ACTIVE_ARCH = YES;
				PRODUCT_NAME = "$(TARGET_NAME)";
				SDKROOT = iphoneos;
				SWIFT_ACTIVE_COMPILATION_CONDITIONS = DEBUG;
				SWIFT_OPTIMIZATION_LEVEL = "-Onone";
				SWIFT_VERSION = 5.0;
			};
			name = Debug;
		};
/* End XCBuildConfiguration section */

/* Begin XCConfigurationList section */
		2557384DB91FFBC8B78A3DC4 /* Build configuration list for PBXNativeTarget "Example" */ = {
			isa = XCConfigurationList;
			buildConfigurations = (
				6F2752D853BD4392F414E20B /* Debug */,
				6ABAA1DE6625CDA89D5F4C14 /* Release */,
			);
			defaultConfigurationIsVisible = 0;
			defaultConfigurationName = Debug;
		};
		36FC72E69D906F48675C62BF /* Build configuration list for PBXProject "Example" */ = {
			isa = XCConfigurationList;
			buildConfigurations = (
				F92DAFD0CD6CB829E820A349 /* Debug */,
				398A5AFCD69E760DF19875AD /* Release */,
			);
			defaultConfigurationIsVisible = 0;
			defaultConfigurationName = Debug;
		};
/* End XCConfigurationList section */
	};
	rootObject = CA8E1E974698BC95958F017F /* Project object */;
}
